
Microsoft Visual Studio Solution File, Format Version 12.00
# Visual Studio Version 17
VisualStudioVersion = 17.6.33723.286
MinimumVisualStudioVersion = 10.0.40219.1
Project("{FAE04EC0-301F-11D3-BF4B-00C04F79EFBC}") = "ServicioAPI", "ServicioAPI\ServicioAPI.csproj", "{27435369-CF8F-45CB-A1E1-61DD05B0CA1A}"
EndProject
Global
	GlobalSection(SolutionConfigurationPlatforms) = preSolution
		Debug|Any CPU = Debug|Any CPU
		Release|Any CPU = Release|Any CPU
	EndGlobalSection
	GlobalSection(ProjectConfigurationPlatforms) = postSolution
		{27435369-CF8F-45CB-A1E1-61DD05B0CA1A}.Debug|Any CPU.ActiveCfg = Debug|Any CPU
		{27435369-CF8F-45CB-A1E1-61DD05B0CA1A}.Debug|Any CPU.Build.0 = Debug|Any CPU
		{27435369-CF8F-45CB-A1E1-61DD05B0CA1A}.Release|Any CPU.ActiveCfg = Release|Any CPU
		{27435369-CF8F-45CB-A1E1-61DD05B0CA1A}.Release|Any CPU.Build.0 = Release|Any CPU
	EndGlobalSection
	GlobalSection(SolutionProperties) = preSolution
		HideSolutionNode = FALSE
	EndGlobalSection
	GlobalSection(ExtensibilityGlobals) = postSolution
		SolutionGuid = {EEC8809A-1051-41C1-A5E4-DD4C3AEE0011}
	EndGlobalSection
EndGlobal
